
Microsoft Visual Studio Solution File, Format Version 12.00
# Visual Studio 15
VisualStudioVersion = 15.0.27703.2042
MinimumVisualStudioVersion = 10.0.40219.1
Project("{9A19103F-16F7-4668-BE54-9A1E7A4F7556}") = "RoxAssertion.Core", "RoxAssertion.Core\RoxAssertion.Core.csproj", "{DD1AF09E-A72C-46B8-8004-4D95C2008FD9}"
EndProject
Project("{9A19103F-16F7-4668-BE54-9A1E7A4F7556}") = "RoxAssertion.Tests", "RoxAssertion.Tests\RoxAssertion.Tests.csproj", "{3E36F7E5-9833-4F6C-ACBE-96260F442124}"
EndProject
Project("{FAE04EC0-301F-11D3-BF4B-00C04F79EFBC}") = "RoxAssertion.Core.Tests", "RoxAssertion.Core.Tests\RoxAssertion.Core.Tests.csproj", "{626CA45F-D26B-4847-8BD3-ADABE6BA1DF4}"
EndProject
Global
	GlobalSection(SolutionConfigurationPlatforms) = preSolution
		Debug|Any CPU = Debug|Any CPU
		Release|Any CPU = Release|Any CPU
	EndGlobalSection
	GlobalSection(ProjectConfigurationPlatforms) = postSolution
		{DD1AF09E-A72C-46B8-8004-4D95C2008FD9}.Debug|Any CPU.ActiveCfg = Debug|Any CPU
		{DD1AF09E-A72C-46B8-8004-4D95C2008FD9}.Debug|Any CPU.Build.0 = Debug|Any CPU
		{DD1AF09E-A72C-46B8-8004-4D95C2008FD9}.Release|Any CPU.ActiveCfg = Release|Any CPU
		{DD1AF09E-A72C-46B8-8004-4D95C2008FD9}.Release|Any CPU.Build.0 = Release|Any CPU
		{3E36F7E5-9833-4F6C-ACBE-96260F442124}.Debug|Any CPU.ActiveCfg = Debug|Any CPU
		{3E36F7E5-9833-4F6C-ACBE-96260F442124}.Debug|Any CPU.Build.0 = Debug|Any CPU
		{3E36F7E5-9833-4F6C-ACBE-96260F442124}.Release|Any CPU.ActiveCfg = Release|Any CPU
		{3E36F7E5-9833-4F6C-ACBE-96260F442124}.Release|Any CPU.Build.0 = Release|Any CPU
		{626CA45F-D26B-4847-8BD3-ADABE6BA1DF4}.Debug|Any CPU.ActiveCfg = Debug|Any CPU
		{626CA45F-D26B-4847-8BD3-ADABE6BA1DF4}.Debug|Any CPU.Build.0 = Debug|Any CPU
		{626CA45F-D26B-4847-8BD3-ADABE6BA1DF4}.Release|Any CPU.ActiveCfg = Release|Any CPU
		{626CA45F-D26B-4847-8BD3-ADABE6BA1DF4}.Release|Any CPU.Build.0 = Release|Any CPU
	EndGlobalSection
	GlobalSection(SolutionProperties) = preSolution
		HideSolutionNode = FALSE
	EndGlobalSection
	GlobalSection(ExtensibilityGlobals) = postSolution
		SolutionGuid = {73A3ABA5-779A-436C-99ED-E2F77B32DA3B}
	EndGlobalSection
EndGlobal
